
Microsoft Visual Studio Solution File, Format Version 12.00
# Visual Studio Version 16
VisualStudioVersion = 16.0.32901.82
MinimumVisualStudioVersion = 10.0.40219.1
Project("{FAE04EC0-301F-11D3-BF4B-00C04F79EFBC}") = "CuentaBancariaANDBAN2223", "CuentaBancariaANDBAN2223\CuentaBancariaANDBAN2223.csproj", "{598B30AA-6B67-4B38-8C4D-E2F13F83282F}"
EndProject
Global
	GlobalSection(SolutionConfigurationPlatforms) = preSolution
		Debug|Any CPU = Debug|Any CPU
		Release|Any CPU = Release|Any CPU
	EndGlobalSection
	GlobalSection(ProjectConfigurationPlatforms) = postSolution
		{598B30AA-6B67-4B38-8C4D-E2F13F83282F}.Debug|Any CPU.ActiveCfg = Debug|Any CPU
		{598B30AA-6B67-4B38-8C4D-E2F13F83282F}.Debug|Any CPU.Build.0 = Debug|Any CPU
		{598B30AA-6B67-4B38-8C4D-E2F13F83282F}.Release|Any CPU.ActiveCfg = Release|Any CPU
		{598B30AA-6B67-4B38-8C4D-E2F13F83282F}.Release|Any CPU.Build.0 = Release|Any CPU
	EndGlobalSection
	GlobalSection(SolutionProperties) = preSolution
		HideSolutionNode = FALSE
	EndGlobalSection
	GlobalSection(ExtensibilityGlobals) = postSolution
		SolutionGuid = {84E4EEB6-40B7-4564-8500-DDF08C622178}
	EndGlobalSection
EndGlobal
